
Microsoft Visual Studio Solution File, Format Version 12.00
# Visual Studio 2012
Project("{FAE04EC0-301F-11D3-BF4B-00C04F79EFBC}") = "ecbpenguinnet", "ecbpenguinnet\ecbpenguinnet.csproj", "{22389960-6E01-4D4D-8F29-DB2A6271BE33}"
EndProject
Global
	GlobalSection(SolutionConfigurationPlatforms) = preSolution
		Debug|Any CPU = Debug|Any CPU
		Release|Any CPU = Release|Any CPU
	EndGlobalSection
	GlobalSection(ProjectConfigurationPlatforms) = postSolution
		{22389960-6E01-4D4D-8F29-DB2A6271BE33}.Debug|Any CPU.ActiveCfg = Debug|Any CPU
		{22389960-6E01-4D4D-8F29-DB2A6271BE33}.Debug|Any CPU.Build.0 = Debug|Any CPU
		{22389960-6E01-4D4D-8F29-DB2A6271BE33}.Release|Any CPU.ActiveCfg = Release|Any CPU
		{22389960-6E01-4D4D-8F29-DB2A6271BE33}.Release|Any CPU.Build.0 = Release|Any CPU
	EndGlobalSection
	GlobalSection(SolutionProperties) = preSolution
		HideSolutionNode = FALSE
	EndGlobalSection
EndGlobal
